
Microsoft Visual Studio Solution File, Format Version 12.00
# Visual Studio Version 17
VisualStudioVersion = 17.0.32014.148
MinimumVisualStudioVersion = 10.0.40219.1
Project("{9A19103F-16F7-4668-BE54-9A1E7A4F7556}") = "JNet", "JNet\JNet.csproj", "{E3614C53-869D-4E9E-B03B-231E270BD782}"
EndProject
Project("{9A19103F-16F7-4668-BE54-9A1E7A4F7556}") = "jnetApp", "templates\templates\jnetApp\jnetApp.csproj", "{72B4B72F-87E2-41D5-81A4-F694DD94DA6F}"
EndProject
Project("{9A19103F-16F7-4668-BE54-9A1E7A4F7556}") = "jcobridgeConsoleApp", "templates\templates\jcobridgeConsoleApp\jcobridgeConsoleApp.csproj", "{3B1B8CD2-B966-4975-8895-5B93B0DBC717}"
EndProject
Project("{2150E333-8FDC-42A3-9474-1A3956D46DE8}") = "templates", "templates", "{16E78E90-7D24-4043-8258-8DF9C68B6BA6}"
EndProject
Project("{2150E333-8FDC-42A3-9474-1A3956D46DE8}") = "Common", "Common", "{B1512319-991C-4654-8490-2E770C2CFF54}"
EndProject
Project("{9A19103F-16F7-4668-BE54-9A1E7A4F7556}") = "jnetAWTApp", "templates\templates\jnetAWTApp\jnetAWTApp.csproj", "{2A9477CF-DE5B-4C4A-9AB1-C112FC4722EA}"
EndProject
Global
	GlobalSection(SolutionConfigurationPlatforms) = preSolution
		Debug|Any CPU = Debug|Any CPU
		Release|Any CPU = Release|Any CPU
	EndGlobalSection
	GlobalSection(ProjectConfigurationPlatforms) = postSolution
		{E3614C53-869D-4E9E-B03B-231E270BD782}.Debug|Any CPU.ActiveCfg = Debug|Any CPU
		{E3614C53-869D-4E9E-B03B-231E270BD782}.Debug|Any CPU.Build.0 = Debug|Any CPU
		{E3614C53-869D-4E9E-B03B-231E270BD782}.Release|Any CPU.ActiveCfg = Release|Any CPU
		{E3614C53-869D-4E9E-B03B-231E270BD782}.Release|Any CPU.Build.0 = Release|Any CPU
		{72B4B72F-87E2-41D5-81A4-F694DD94DA6F}.Debug|Any CPU.ActiveCfg = Debug|Any CPU
		{72B4B72F-87E2-41D5-81A4-F694DD94DA6F}.Debug|Any CPU.Build.0 = Debug|Any CPU
		{72B4B72F-87E2-41D5-81A4-F694DD94DA6F}.Release|Any CPU.ActiveCfg = Release|Any CPU
		{72B4B72F-87E2-41D5-81A4-F694DD94DA6F}.Release|Any CPU.Build.0 = Release|Any CPU
		{3B1B8CD2-B966-4975-8895-5B93B0DBC717}.Debug|Any CPU.ActiveCfg = Debug|Any CPU
		{3B1B8CD2-B966-4975-8895-5B93B0DBC717}.Debug|Any CPU.Build.0 = Debug|Any CPU
		{3B1B8CD2-B966-4975-8895-5B93B0DBC717}.Release|Any CPU.ActiveCfg = Release|Any CPU
		{3B1B8CD2-B966-4975-8895-5B93B0DBC717}.Release|Any CPU.Build.0 = Release|Any CPU
		{2A9477CF-DE5B-4C4A-9AB1-C112FC4722EA}.Debug|Any CPU.ActiveCfg = Debug|Any CPU
		{2A9477CF-DE5B-4C4A-9AB1-C112FC4722EA}.Debug|Any CPU.Build.0 = Debug|Any CPU
		{2A9477CF-DE5B-4C4A-9AB1-C112FC4722EA}.Release|Any CPU.ActiveCfg = Release|Any CPU
		{2A9477CF-DE5B-4C4A-9AB1-C112FC4722EA}.Release|Any CPU.Build.0 = Release|Any CPU
	EndGlobalSection
	GlobalSection(SolutionProperties) = preSolution
		HideSolutionNode = FALSE
	EndGlobalSection
	GlobalSection(NestedProjects) = preSolution
		{E3614C53-869D-4E9E-B03B-231E270BD782} = {B1512319-991C-4654-8490-2E770C2CFF54}
		{72B4B72F-87E2-41D5-81A4-F694DD94DA6F} = {16E78E90-7D24-4043-8258-8DF9C68B6BA6}
		{3B1B8CD2-B966-4975-8895-5B93B0DBC717} = {16E78E90-7D24-4043-8258-8DF9C68B6BA6}
		{2A9477CF-DE5B-4C4A-9AB1-C112FC4722EA} = {16E78E90-7D24-4043-8258-8DF9C68B6BA6}
	EndGlobalSection
	GlobalSection(ExtensibilityGlobals) = postSolution
		SolutionGuid = {337100A8-DBCD-4838-B9C7-74EC0DE78755}
	EndGlobalSection
EndGlobal
