
Microsoft Visual Studio Solution File, Format Version 12.00
# Visual Studio Version 17
VisualStudioVersion = 17.0.32014.148
MinimumVisualStudioVersion = 10.0.40219.1
Project("{9A19103F-16F7-4668-BE54-9A1E7A4F7556}") = "templatepack", "templates\templatepack.csproj", "{8778C196-4145-4140-8E91-9C2475DEB121}"
EndProject
Project("{9A19103F-16F7-4668-BE54-9A1E7A4F7556}") = "JNet", "JNet\JNet.csproj", "{4F5B925E-7E21-4971-AE00-9D0C5DBC25E8}"
EndProject
Project("{9A19103F-16F7-4668-BE54-9A1E7A4F7556}") = "JNetCLI", "JNetCLI\JNetCLI.csproj", "{9179A73E-9425-4745-A07B-45C34945961B}"
EndProject
Project("{9A19103F-16F7-4668-BE54-9A1E7A4F7556}") = "JNetReflector", "JNetReflector\JNetReflector.csproj", "{48E1694F-BD32-4096-9DCA-7D64D0F58DCD}"
EndProject
Project("{9A19103F-16F7-4668-BE54-9A1E7A4F7556}") = "JNetPS", "JNetPS\JNetPS.csproj", "{ABE56777-AA74-4B49-9674-235421811A86}"
EndProject
Project("{9A19103F-16F7-4668-BE54-9A1E7A4F7556}") = "JNetPSCore", "JNetPSCore\JNetPSCore.csproj", "{071F6CA5-0159-44B3-9670-9404A5B75D65}"
EndProject
Project("{9A19103F-16F7-4668-BE54-9A1E7A4F7556}") = "JNetCore", "JNet\JNetCore.csproj", "{CA9A182E-F0A5-4A48-AB00-C5E70BA243F9}"
EndProject
Global
	GlobalSection(SolutionConfigurationPlatforms) = preSolution
		Debug|Any CPU = Debug|Any CPU
		Release|Any CPU = Release|Any CPU
	EndGlobalSection
	GlobalSection(ProjectConfigurationPlatforms) = postSolution
		{8778C196-4145-4140-8E91-9C2475DEB121}.Debug|Any CPU.ActiveCfg = Debug|Any CPU
		{8778C196-4145-4140-8E91-9C2475DEB121}.Debug|Any CPU.Build.0 = Debug|Any CPU
		{8778C196-4145-4140-8E91-9C2475DEB121}.Release|Any CPU.ActiveCfg = Release|Any CPU
		{8778C196-4145-4140-8E91-9C2475DEB121}.Release|Any CPU.Build.0 = Release|Any CPU
		{4F5B925E-7E21-4971-AE00-9D0C5DBC25E8}.Debug|Any CPU.ActiveCfg = Debug|Any CPU
		{4F5B925E-7E21-4971-AE00-9D0C5DBC25E8}.Debug|Any CPU.Build.0 = Debug|Any CPU
		{4F5B925E-7E21-4971-AE00-9D0C5DBC25E8}.Release|Any CPU.ActiveCfg = Release|Any CPU
		{4F5B925E-7E21-4971-AE00-9D0C5DBC25E8}.Release|Any CPU.Build.0 = Release|Any CPU
		{9179A73E-9425-4745-A07B-45C34945961B}.Debug|Any CPU.ActiveCfg = Debug|Any CPU
		{9179A73E-9425-4745-A07B-45C34945961B}.Debug|Any CPU.Build.0 = Debug|Any CPU
		{9179A73E-9425-4745-A07B-45C34945961B}.Release|Any CPU.ActiveCfg = Release|Any CPU
		{9179A73E-9425-4745-A07B-45C34945961B}.Release|Any CPU.Build.0 = Release|Any CPU
		{48E1694F-BD32-4096-9DCA-7D64D0F58DCD}.Debug|Any CPU.ActiveCfg = Debug|Any CPU
		{48E1694F-BD32-4096-9DCA-7D64D0F58DCD}.Debug|Any CPU.Build.0 = Debug|Any CPU
		{48E1694F-BD32-4096-9DCA-7D64D0F58DCD}.Release|Any CPU.ActiveCfg = Release|Any CPU
		{48E1694F-BD32-4096-9DCA-7D64D0F58DCD}.Release|Any CPU.Build.0 = Release|Any CPU
		{ABE56777-AA74-4B49-9674-235421811A86}.Debug|Any CPU.ActiveCfg = Debug|Any CPU
		{ABE56777-AA74-4B49-9674-235421811A86}.Debug|Any CPU.Build.0 = Debug|Any CPU
		{ABE56777-AA74-4B49-9674-235421811A86}.Release|Any CPU.ActiveCfg = Release|Any CPU
		{ABE56777-AA74-4B49-9674-235421811A86}.Release|Any CPU.Build.0 = Release|Any CPU
		{071F6CA5-0159-44B3-9670-9404A5B75D65}.Debug|Any CPU.ActiveCfg = Debug|Any CPU
		{071F6CA5-0159-44B3-9670-9404A5B75D65}.Debug|Any CPU.Build.0 = Debug|Any CPU
		{071F6CA5-0159-44B3-9670-9404A5B75D65}.Release|Any CPU.ActiveCfg = Release|Any CPU
		{071F6CA5-0159-44B3-9670-9404A5B75D65}.Release|Any CPU.Build.0 = Release|Any CPU
		{CA9A182E-F0A5-4A48-AB00-C5E70BA243F9}.Debug|Any CPU.ActiveCfg = Debug|Any CPU
		{CA9A182E-F0A5-4A48-AB00-C5E70BA243F9}.Debug|Any CPU.Build.0 = Debug|Any CPU
		{CA9A182E-F0A5-4A48-AB00-C5E70BA243F9}.Release|Any CPU.ActiveCfg = Release|Any CPU
		{CA9A182E-F0A5-4A48-AB00-C5E70BA243F9}.Release|Any CPU.Build.0 = Release|Any CPU
	EndGlobalSection
	GlobalSection(SolutionProperties) = preSolution
		HideSolutionNode = FALSE
	EndGlobalSection
	GlobalSection(ExtensibilityGlobals) = postSolution
		SolutionGuid = {337100A8-DBCD-4838-B9C7-74EC0DE78755}
	EndGlobalSection
EndGlobal
