
Microsoft Visual Studio Solution File, Format Version 12.00
# Visual Studio Version 17
VisualStudioVersion = 17.0.32014.148
MinimumVisualStudioVersion = 10.0.40219.1
Project("{9A19103F-16F7-4668-BE54-9A1E7A4F7556}") = "JNetTest", "JNetTest\JNetTest.csproj", "{F3A53651-9728-427B-A429-7B3F1B6C8DA0}"
EndProject
Project("{9A19103F-16F7-4668-BE54-9A1E7A4F7556}") = "JNetWinFormsTest", "JNetWinFormsTest\JNetWinFormsTest.csproj", "{C34F594A-16F6-4BF1-A11B-5C92CD618DD2}"
EndProject
Project("{9A19103F-16F7-4668-BE54-9A1E7A4F7556}") = "JNetWPFTest", "JNetWPFTest\JNetWPFTest.csproj", "{94523BE2-B9F9-403E-B93B-AE1AED3256D3}"
EndProject
Project("{9A19103F-16F7-4668-BE54-9A1E7A4F7556}") = "JNet", "..\..\src\net\JNet\JNet.csproj", "{EC444991-FDF7-4521-AED6-6BE32EAF8542}"
EndProject
Project("{9A19103F-16F7-4668-BE54-9A1E7A4F7556}") = "JNetReflectorGenerated", "JNetReflectorGenerated\JNetReflectorGenerated.csproj", "{D417C2E0-E317-4547-969F-1C21E031478A}"
EndProject
Project("{2150E333-8FDC-42A3-9474-1A3956D46DE8}") = "Common", "Common", "{1BF0B566-4513-405A-BF67-76E826EA6DA0}"
EndProject
Project("{2150E333-8FDC-42A3-9474-1A3956D46DE8}") = "Templates", "Templates", "{D622CE4D-8CE5-486A-9AAE-97AC093122C7}"
EndProject
Project("{9A19103F-16F7-4668-BE54-9A1E7A4F7556}") = "jcobridgeConsoleApp", "..\..\src\net\templates\templates\jcobridgeConsoleApp\jcobridgeConsoleApp.csproj", "{6F8234A7-1336-49D9-A68A-3327DFBDFCDD}"
EndProject
Project("{9A19103F-16F7-4668-BE54-9A1E7A4F7556}") = "jnetApp", "..\..\src\net\templates\templates\jnetApp\jnetApp.csproj", "{17DC32BC-9C75-4846-B08D-D90241B71436}"
EndProject
Project("{9A19103F-16F7-4668-BE54-9A1E7A4F7556}") = "jnetAWTApp", "..\..\src\net\templates\templates\jnetAWTApp\jnetAWTApp.csproj", "{BD61B857-1919-4546-8B87-3F525BF269F1}"
EndProject
Project("{2150E333-8FDC-42A3-9474-1A3956D46DE8}") = "Tests", "Tests", "{360FAD84-7744-4B18-8624-1B5AE07534F6}"
EndProject
Global
	GlobalSection(SolutionConfigurationPlatforms) = preSolution
		Debug|Any CPU = Debug|Any CPU
		Release|Any CPU = Release|Any CPU
	EndGlobalSection
	GlobalSection(ProjectConfigurationPlatforms) = postSolution
		{F3A53651-9728-427B-A429-7B3F1B6C8DA0}.Debug|Any CPU.ActiveCfg = Debug|Any CPU
		{F3A53651-9728-427B-A429-7B3F1B6C8DA0}.Debug|Any CPU.Build.0 = Debug|Any CPU
		{F3A53651-9728-427B-A429-7B3F1B6C8DA0}.Release|Any CPU.ActiveCfg = Release|Any CPU
		{F3A53651-9728-427B-A429-7B3F1B6C8DA0}.Release|Any CPU.Build.0 = Release|Any CPU
		{C34F594A-16F6-4BF1-A11B-5C92CD618DD2}.Debug|Any CPU.ActiveCfg = Debug|Any CPU
		{C34F594A-16F6-4BF1-A11B-5C92CD618DD2}.Debug|Any CPU.Build.0 = Debug|Any CPU
		{C34F594A-16F6-4BF1-A11B-5C92CD618DD2}.Release|Any CPU.ActiveCfg = Release|Any CPU
		{C34F594A-16F6-4BF1-A11B-5C92CD618DD2}.Release|Any CPU.Build.0 = Release|Any CPU
		{94523BE2-B9F9-403E-B93B-AE1AED3256D3}.Debug|Any CPU.ActiveCfg = Debug|Any CPU
		{94523BE2-B9F9-403E-B93B-AE1AED3256D3}.Debug|Any CPU.Build.0 = Debug|Any CPU
		{94523BE2-B9F9-403E-B93B-AE1AED3256D3}.Release|Any CPU.ActiveCfg = Release|Any CPU
		{94523BE2-B9F9-403E-B93B-AE1AED3256D3}.Release|Any CPU.Build.0 = Release|Any CPU
		{EC444991-FDF7-4521-AED6-6BE32EAF8542}.Debug|Any CPU.ActiveCfg = Debug|Any CPU
		{EC444991-FDF7-4521-AED6-6BE32EAF8542}.Debug|Any CPU.Build.0 = Debug|Any CPU
		{EC444991-FDF7-4521-AED6-6BE32EAF8542}.Release|Any CPU.ActiveCfg = Release|Any CPU
		{EC444991-FDF7-4521-AED6-6BE32EAF8542}.Release|Any CPU.Build.0 = Release|Any CPU
		{D417C2E0-E317-4547-969F-1C21E031478A}.Debug|Any CPU.ActiveCfg = Debug|Any CPU
		{D417C2E0-E317-4547-969F-1C21E031478A}.Debug|Any CPU.Build.0 = Debug|Any CPU
		{D417C2E0-E317-4547-969F-1C21E031478A}.Release|Any CPU.ActiveCfg = Release|Any CPU
		{D417C2E0-E317-4547-969F-1C21E031478A}.Release|Any CPU.Build.0 = Release|Any CPU
		{6F8234A7-1336-49D9-A68A-3327DFBDFCDD}.Debug|Any CPU.ActiveCfg = Debug|Any CPU
		{6F8234A7-1336-49D9-A68A-3327DFBDFCDD}.Debug|Any CPU.Build.0 = Debug|Any CPU
		{6F8234A7-1336-49D9-A68A-3327DFBDFCDD}.Release|Any CPU.ActiveCfg = Release|Any CPU
		{6F8234A7-1336-49D9-A68A-3327DFBDFCDD}.Release|Any CPU.Build.0 = Release|Any CPU
		{17DC32BC-9C75-4846-B08D-D90241B71436}.Debug|Any CPU.ActiveCfg = Debug|Any CPU
		{17DC32BC-9C75-4846-B08D-D90241B71436}.Debug|Any CPU.Build.0 = Debug|Any CPU
		{17DC32BC-9C75-4846-B08D-D90241B71436}.Release|Any CPU.ActiveCfg = Release|Any CPU
		{17DC32BC-9C75-4846-B08D-D90241B71436}.Release|Any CPU.Build.0 = Release|Any CPU
		{BD61B857-1919-4546-8B87-3F525BF269F1}.Debug|Any CPU.ActiveCfg = Debug|Any CPU
		{BD61B857-1919-4546-8B87-3F525BF269F1}.Debug|Any CPU.Build.0 = Debug|Any CPU
		{BD61B857-1919-4546-8B87-3F525BF269F1}.Release|Any CPU.ActiveCfg = Release|Any CPU
		{BD61B857-1919-4546-8B87-3F525BF269F1}.Release|Any CPU.Build.0 = Release|Any CPU
	EndGlobalSection
	GlobalSection(SolutionProperties) = preSolution
		HideSolutionNode = FALSE
	EndGlobalSection
	GlobalSection(NestedProjects) = preSolution
		{F3A53651-9728-427B-A429-7B3F1B6C8DA0} = {360FAD84-7744-4B18-8624-1B5AE07534F6}
		{C34F594A-16F6-4BF1-A11B-5C92CD618DD2} = {360FAD84-7744-4B18-8624-1B5AE07534F6}
		{94523BE2-B9F9-403E-B93B-AE1AED3256D3} = {360FAD84-7744-4B18-8624-1B5AE07534F6}
		{EC444991-FDF7-4521-AED6-6BE32EAF8542} = {1BF0B566-4513-405A-BF67-76E826EA6DA0}
		{D417C2E0-E317-4547-969F-1C21E031478A} = {360FAD84-7744-4B18-8624-1B5AE07534F6}
		{6F8234A7-1336-49D9-A68A-3327DFBDFCDD} = {D622CE4D-8CE5-486A-9AAE-97AC093122C7}
		{17DC32BC-9C75-4846-B08D-D90241B71436} = {D622CE4D-8CE5-486A-9AAE-97AC093122C7}
		{BD61B857-1919-4546-8B87-3F525BF269F1} = {D622CE4D-8CE5-486A-9AAE-97AC093122C7}
	EndGlobalSection
	GlobalSection(ExtensibilityGlobals) = postSolution
		SolutionGuid = {0A7C16DC-1BAA-44BC-AA1C-D40B7B61878E}
	EndGlobalSection
EndGlobal
