
Microsoft Visual Studio Solution File, Format Version 12.00
# Visual Studio Version 17
VisualStudioVersion = 17.0.32014.148
MinimumVisualStudioVersion = 10.0.40219.1
Project("{9A19103F-16F7-4668-BE54-9A1E7A4F7556}") = "JNetTest", "JNetTest\JNetTest.csproj", "{F3A53651-9728-427B-A429-7B3F1B6C8DA0}"
EndProject
Project("{9A19103F-16F7-4668-BE54-9A1E7A4F7556}") = "JNetWinFormsTest", "JNetWinFormsTest\JNetWinFormsTest.csproj", "{C34F594A-16F6-4BF1-A11B-5C92CD618DD2}"
EndProject
Project("{9A19103F-16F7-4668-BE54-9A1E7A4F7556}") = "JNetWPFTest", "JNetWPFTest\JNetWPFTest.csproj", "{94523BE2-B9F9-403E-B93B-AE1AED3256D3}"
EndProject
Project("{9A19103F-16F7-4668-BE54-9A1E7A4F7556}") = "JNet", "..\..\src\net\JNet\JNet.csproj", "{EC444991-FDF7-4521-AED6-6BE32EAF8542}"
EndProject
Global
	GlobalSection(SolutionConfigurationPlatforms) = preSolution
		Debug|Any CPU = Debug|Any CPU
		Release|Any CPU = Release|Any CPU
	EndGlobalSection
	GlobalSection(ProjectConfigurationPlatforms) = postSolution
		{F3A53651-9728-427B-A429-7B3F1B6C8DA0}.Debug|Any CPU.ActiveCfg = Debug|Any CPU
		{F3A53651-9728-427B-A429-7B3F1B6C8DA0}.Debug|Any CPU.Build.0 = Debug|Any CPU
		{F3A53651-9728-427B-A429-7B3F1B6C8DA0}.Release|Any CPU.ActiveCfg = Release|Any CPU
		{F3A53651-9728-427B-A429-7B3F1B6C8DA0}.Release|Any CPU.Build.0 = Release|Any CPU
		{C34F594A-16F6-4BF1-A11B-5C92CD618DD2}.Debug|Any CPU.ActiveCfg = Debug|Any CPU
		{C34F594A-16F6-4BF1-A11B-5C92CD618DD2}.Debug|Any CPU.Build.0 = Debug|Any CPU
		{C34F594A-16F6-4BF1-A11B-5C92CD618DD2}.Release|Any CPU.ActiveCfg = Release|Any CPU
		{C34F594A-16F6-4BF1-A11B-5C92CD618DD2}.Release|Any CPU.Build.0 = Release|Any CPU
		{94523BE2-B9F9-403E-B93B-AE1AED3256D3}.Debug|Any CPU.ActiveCfg = Debug|Any CPU
		{94523BE2-B9F9-403E-B93B-AE1AED3256D3}.Debug|Any CPU.Build.0 = Debug|Any CPU
		{94523BE2-B9F9-403E-B93B-AE1AED3256D3}.Release|Any CPU.ActiveCfg = Release|Any CPU
		{94523BE2-B9F9-403E-B93B-AE1AED3256D3}.Release|Any CPU.Build.0 = Release|Any CPU
		{EC444991-FDF7-4521-AED6-6BE32EAF8542}.Debug|Any CPU.ActiveCfg = Debug|Any CPU
		{EC444991-FDF7-4521-AED6-6BE32EAF8542}.Debug|Any CPU.Build.0 = Debug|Any CPU
		{EC444991-FDF7-4521-AED6-6BE32EAF8542}.Release|Any CPU.ActiveCfg = Release|Any CPU
		{EC444991-FDF7-4521-AED6-6BE32EAF8542}.Release|Any CPU.Build.0 = Release|Any CPU
	EndGlobalSection
	GlobalSection(SolutionProperties) = preSolution
		HideSolutionNode = FALSE
	EndGlobalSection
	GlobalSection(ExtensibilityGlobals) = postSolution
		SolutionGuid = {0A7C16DC-1BAA-44BC-AA1C-D40B7B61878E}
	EndGlobalSection
EndGlobal
